
Microsoft Visual Studio Solution File, Format Version 12.00
# Visual Studio 15
VisualStudioVersion = 15.0.26124.0
MinimumVisualStudioVersion = 15.0.26124.0
Project("{FAE04EC0-301F-11D3-BF4B-00C04F79EFBC}") = "SharpUV", "SharpUV\SharpUV.csproj", "{038ACDA9-F8DE-40FB-8666-D762A36368CE}"
EndProject
Project("{FAE04EC0-301F-11D3-BF4B-00C04F79EFBC}") = "SharpUV.Tests", "SharpUV.Tests\SharpUV.Tests.csproj", "{E4AC8BE3-FC53-4A2A-8BF5-8A82A32CD4A5}"
EndProject
Project("{FAE04EC0-301F-11D3-BF4B-00C04F79EFBC}") = "SharpUV.Console", "SharpUV.Console\SharpUV.Console.csproj", "{CD763162-2044-477E-AEF1-7463D356660C}"
EndProject
Global
	GlobalSection(SolutionConfigurationPlatforms) = preSolution
		Debug|Any CPU = Debug|Any CPU
		Debug|x64 = Debug|x64
		Debug|x86 = Debug|x86
		Release|Any CPU = Release|Any CPU
		Release|x64 = Release|x64
		Release|x86 = Release|x86
	EndGlobalSection
	GlobalSection(SolutionProperties) = preSolution
		HideSolutionNode = FALSE
	EndGlobalSection
	GlobalSection(ProjectConfigurationPlatforms) = postSolution
		{038ACDA9-F8DE-40FB-8666-D762A36368CE}.Debug|Any CPU.ActiveCfg = Debug|Any CPU
		{038ACDA9-F8DE-40FB-8666-D762A36368CE}.Debug|Any CPU.Build.0 = Debug|Any CPU
		{038ACDA9-F8DE-40FB-8666-D762A36368CE}.Debug|x64.ActiveCfg = Debug|Any CPU
		{038ACDA9-F8DE-40FB-8666-D762A36368CE}.Debug|x64.Build.0 = Debug|Any CPU
		{038ACDA9-F8DE-40FB-8666-D762A36368CE}.Debug|x86.ActiveCfg = Debug|Any CPU
		{038ACDA9-F8DE-40FB-8666-D762A36368CE}.Debug|x86.Build.0 = Debug|Any CPU
		{038ACDA9-F8DE-40FB-8666-D762A36368CE}.Release|Any CPU.ActiveCfg = Release|Any CPU
		{038ACDA9-F8DE-40FB-8666-D762A36368CE}.Release|Any CPU.Build.0 = Release|Any CPU
		{038ACDA9-F8DE-40FB-8666-D762A36368CE}.Release|x64.ActiveCfg = Release|Any CPU
		{038ACDA9-F8DE-40FB-8666-D762A36368CE}.Release|x64.Build.0 = Release|Any CPU
		{038ACDA9-F8DE-40FB-8666-D762A36368CE}.Release|x86.ActiveCfg = Release|Any CPU
		{038ACDA9-F8DE-40FB-8666-D762A36368CE}.Release|x86.Build.0 = Release|Any CPU
		{E4AC8BE3-FC53-4A2A-8BF5-8A82A32CD4A5}.Debug|Any CPU.ActiveCfg = Debug|Any CPU
		{E4AC8BE3-FC53-4A2A-8BF5-8A82A32CD4A5}.Debug|Any CPU.Build.0 = Debug|Any CPU
		{E4AC8BE3-FC53-4A2A-8BF5-8A82A32CD4A5}.Debug|x64.ActiveCfg = Debug|Any CPU
		{E4AC8BE3-FC53-4A2A-8BF5-8A82A32CD4A5}.Debug|x64.Build.0 = Debug|Any CPU
		{E4AC8BE3-FC53-4A2A-8BF5-8A82A32CD4A5}.Debug|x86.ActiveCfg = Debug|Any CPU
		{E4AC8BE3-FC53-4A2A-8BF5-8A82A32CD4A5}.Debug|x86.Build.0 = Debug|Any CPU
		{E4AC8BE3-FC53-4A2A-8BF5-8A82A32CD4A5}.Release|Any CPU.ActiveCfg = Debug|Any CPU
		{E4AC8BE3-FC53-4A2A-8BF5-8A82A32CD4A5}.Release|Any CPU.Build.0 = Debug|Any CPU
		{E4AC8BE3-FC53-4A2A-8BF5-8A82A32CD4A5}.Release|x64.ActiveCfg = Debug|Any CPU
		{E4AC8BE3-FC53-4A2A-8BF5-8A82A32CD4A5}.Release|x64.Build.0 = Debug|Any CPU
		{E4AC8BE3-FC53-4A2A-8BF5-8A82A32CD4A5}.Release|x86.ActiveCfg = Debug|Any CPU
		{E4AC8BE3-FC53-4A2A-8BF5-8A82A32CD4A5}.Release|x86.Build.0 = Debug|Any CPU
		{CD763162-2044-477E-AEF1-7463D356660C}.Debug|Any CPU.ActiveCfg = Debug|Any CPU
		{CD763162-2044-477E-AEF1-7463D356660C}.Debug|Any CPU.Build.0 = Debug|Any CPU
		{CD763162-2044-477E-AEF1-7463D356660C}.Debug|x64.ActiveCfg = Debug|Any CPU
		{CD763162-2044-477E-AEF1-7463D356660C}.Debug|x64.Build.0 = Debug|Any CPU
		{CD763162-2044-477E-AEF1-7463D356660C}.Debug|x86.ActiveCfg = Debug|Any CPU
		{CD763162-2044-477E-AEF1-7463D356660C}.Debug|x86.Build.0 = Debug|Any CPU
		{CD763162-2044-477E-AEF1-7463D356660C}.Release|Any CPU.ActiveCfg = Release|Any CPU
		{CD763162-2044-477E-AEF1-7463D356660C}.Release|Any CPU.Build.0 = Release|Any CPU
		{CD763162-2044-477E-AEF1-7463D356660C}.Release|x64.ActiveCfg = Release|Any CPU
		{CD763162-2044-477E-AEF1-7463D356660C}.Release|x64.Build.0 = Release|Any CPU
		{CD763162-2044-477E-AEF1-7463D356660C}.Release|x86.ActiveCfg = Release|Any CPU
		{CD763162-2044-477E-AEF1-7463D356660C}.Release|x86.Build.0 = Release|Any CPU
	EndGlobalSection
EndGlobal
